
Microsoft Visual Studio Solution File, Format Version 12.00
# Visual Studio Version 17
VisualStudioVersion = 17.3.32929.385
MinimumVisualStudioVersion = 10.0.40219.1
Project("{FAE04EC0-301F-11D3-BF4B-00C04F79EFBC}") = "aisd_sorty", "aisd_sorty\aisd_sorty.csproj", "{E3B16BC1-C535-4ADA-8F6A-D7D4839508D1}"
EndProject
Global
	GlobalSection(SolutionConfigurationPlatforms) = preSolution
		Debug|Any CPU = Debug|Any CPU
		Release|Any CPU = Release|Any CPU
	EndGlobalSection
	GlobalSection(ProjectConfigurationPlatforms) = postSolution
		{E3B16BC1-C535-4ADA-8F6A-D7D4839508D1}.Debug|Any CPU.ActiveCfg = Debug|Any CPU
		{E3B16BC1-C535-4ADA-8F6A-D7D4839508D1}.Debug|Any CPU.Build.0 = Debug|Any CPU
		{E3B16BC1-C535-4ADA-8F6A-D7D4839508D1}.Release|Any CPU.ActiveCfg = Release|Any CPU
		{E3B16BC1-C535-4ADA-8F6A-D7D4839508D1}.Release|Any CPU.Build.0 = Release|Any CPU
	EndGlobalSection
	GlobalSection(SolutionProperties) = preSolution
		HideSolutionNode = FALSE
	EndGlobalSection
	GlobalSection(ExtensibilityGlobals) = postSolution
		SolutionGuid = {93451A24-8147-45BD-ADE3-2D1CE795ADCF}
	EndGlobalSection
EndGlobal
